// !$*UTF8*$!
{
	archiveVersion = 1;
	classes = {
	};
	objectVersion = 50;
	objects = {

/* Begin PBXGroup section */
		4A43A8D7212B339500FBDB0C = {
			isa = PBXGroup;
			children = (
			);
			sourceTree = "<group>";
		};
/* End PBXGroup section */

/* Begin PBXProject section */
		4A43A8D8212B339500FBDB0C /* Project object */ = {
			isa = PBXProject;
			attributes = {
				LastUpgradeCheck = 1000;
			};
			buildConfigurationList = 4A43A8DB212B339500FBDB0C /* Build configuration list for PBXProject "HIGColors" */;
			compatibilityVersion = "Xcode 9.3";
			developmentRegion = en;
			hasScannedForEncodings = 0;
			knownRegions = (
				en,
			);
			mainGroup = 4A43A8D7212B339500FBDB0C;
			projectDirPath = "";
			projectRoot = "";
			targets = (
			);
		};
/* End PBXProject section */

/* Begin XCBuildConfiguration section */
		4A43A8DC212B339500FBDB0C /* Debug */ = {
			isa = XCBuildConfiguration;
			buildSettings = {
			};
			name = Debug;
		};
		4A43A8DD212B339500FBDB0C /* Release */ = {
			isa = XCBuildConfiguration;
			buildSettings = {
			};
			name = Release;
		};
/* End XCBuildConfiguration section */

/* Begin XCConfigurationList section */
		4A43A8DB212B339500FBDB0C /* Build configuration list for PBXProject "HIGColors" */ = {
			isa = XCConfigurationList;
			buildConfigurations = (
				4A43A8DC212B339500FBDB0C /* Debug */,
				4A43A8DD212B339500FBDB0C /* Release */,
			);
			defaultConfigurationIsVisible = 0;
			defaultConfigurationName = Release;
		};
/* End XCConfigurationList section */
	};
	rootObject = 4A43A8D8212B339500FBDB0C /* Project object */;
}
